{
    "_readme": [
        "This file locks the dependencies of your project to a known state",
        "Read more about it at https://getcomposer.org/doc/01-basic-usage.md#installing-dependencies",
        "This file is @generated automatically"
    ],
    "content-hash": "07dacc98c22ff3965a7f4d0c1c5a15ad",
    "packages": [
        {
            "name": "microsoft/tolerant-php-parser",
            "version": "v0.0.19",
            "source": {
                "type": "git",
                "url": "https://github.com/microsoft/tolerant-php-parser.git",
                "reference": "6c701e386f4efccbed5815016acc4920708bc998"
            },
            "dist": {
                "type": "zip",
                "url": "https://api.github.com/repos/microsoft/tolerant-php-parser/zipball/6c701e386f4efccbed5815016acc4920708bc998",
                "reference": "6c701e386f4efccbed5815016acc4920708bc998",
                "shasum": ""
            },
            "require": {
                "php": ">=7.0"
            },
            "require-dev": {
                "phpunit/phpunit": "^6.4"
            },
            "type": "library",
            "autoload": {
                "psr-4": {
                    "Microsoft\\PhpParser\\": [
                        "src/"
                    ]
                }
            },
            "notification-url": "https://packagist.org/downloads/",
            "license": [
                "MIT"
            ],
            "authors": [
                {
                    "name": "Rob Lourens",
                    "email": "roblou@microsoft.com"
                }
            ],
            "description": "Tolerant PHP-to-AST parser designed for IDE usage scenarios",
            "time": "2019-11-19T03:53:18+00:00"
        }
    ],
    "packages-dev": [],
    "aliases": [],
    "minimum-stability": "stable",
    "stability-flags": [],
    "prefer-stable": false,
    "prefer-lowest": false,
    "platform": {
        "php": "^7.2"
    },
    "platform-dev": [],
    "platform-overrides": {
        "php": "7.2"
    }
}
